
Microsoft Visual Studio Solution File, Format Version 12.00
# Visual Studio 15
VisualStudioVersion = 15.0.28307.705
MinimumVisualStudioVersion = 10.0.40219.1
Project("{FAE04EC0-301F-11D3-BF4B-00C04F79EFBC}") = "WpfApp26", "WpfApp26\WpfApp26.csproj", "{F8AF7FD3-97B3-4522-A675-B1A058D06B79}"
EndProject
Global
	GlobalSection(SolutionConfigurationPlatforms) = preSolution
		Debug|Any CPU = Debug|Any CPU
		Release|Any CPU = Release|Any CPU
	EndGlobalSection
	GlobalSection(ProjectConfigurationPlatforms) = postSolution
		{F8AF7FD3-97B3-4522-A675-B1A058D06B79}.Debug|Any CPU.ActiveCfg = Debug|Any CPU
		{F8AF7FD3-97B3-4522-A675-B1A058D06B79}.Debug|Any CPU.Build.0 = Debug|Any CPU
		{F8AF7FD3-97B3-4522-A675-B1A058D06B79}.Release|Any CPU.ActiveCfg = Release|Any CPU
		{F8AF7FD3-97B3-4522-A675-B1A058D06B79}.Release|Any CPU.Build.0 = Release|Any CPU
	EndGlobalSection
	GlobalSection(SolutionProperties) = preSolution
		HideSolutionNode = FALSE
	EndGlobalSection
	GlobalSection(ExtensibilityGlobals) = postSolution
		SolutionGuid = {87054DDF-3CA4-4D19-AF57-7B2D16B0959B}
	EndGlobalSection
EndGlobal
